
Microsoft Visual Studio Solution File, Format Version 12.00
# Visual Studio Version 17
VisualStudioVersion = 17.13.35931.197 d17.13
MinimumVisualStudioVersion = 10.0.40219.1
Project("{FAE04EC0-301F-11D3-BF4B-00C04F79EFBC}") = "MyIISApp", "MyIISApp\MyIISApp.csproj", "{E441D5B5-4F1F-4827-AC33-3467D148DCD5}"
EndProject
Global
	GlobalSection(SolutionConfigurationPlatforms) = preSolution
		Debug|Any CPU = Debug|Any CPU
		Release|Any CPU = Release|Any CPU
	EndGlobalSection
	GlobalSection(ProjectConfigurationPlatforms) = postSolution
		{E441D5B5-4F1F-4827-AC33-3467D148DCD5}.Debug|Any CPU.ActiveCfg = Debug|Any CPU
		{E441D5B5-4F1F-4827-AC33-3467D148DCD5}.Debug|Any CPU.Build.0 = Debug|Any CPU
		{E441D5B5-4F1F-4827-AC33-3467D148DCD5}.Release|Any CPU.ActiveCfg = Release|Any CPU
		{E441D5B5-4F1F-4827-AC33-3467D148DCD5}.Release|Any CPU.Build.0 = Release|Any CPU
	EndGlobalSection
	GlobalSection(SolutionProperties) = preSolution
		HideSolutionNode = FALSE
	EndGlobalSection
	GlobalSection(ExtensibilityGlobals) = postSolution
		SolutionGuid = {2D99269F-70FC-401A-8804-B5D11E202D75}
	EndGlobalSection
EndGlobal
